{
  "name": "@stratchai/strategy-spec",
  "version": "0.3.0",
  "lockfileVersion": 3,
  "requires": true,
  "packages": {
    "": {
      "name": "@stratchai/strategy-spec",
      "version": "0.3.0",
      "license": "MIT",
      "dependencies": {
        "dotenv": "^17.0.0",
        "zod": "^3.22.0"
      },
      "bin": {
        "sk-build-spec": "src/generator.js"
      },
      "engines": {
        "node": ">=16.0.0"
      },
      "peerDependencies": {
        "@stratchai/indicators": "^0.2.1"
      }
    },
    "node_modules/@stratchai/indicators": {
      "version": "0.2.1",
      "resolved": "https://registry.npmjs.org/@stratchai/indicators/-/indicators-0.2.1.tgz",
      "integrity": "sha512-jkMvGLoMquUmEtmhm3zzq87jdu5KHusU5MLuuCc2XzmZVIfAcahOdse1qOvZDIt7tw4X+GEypZ+ldDl/9Eqdeg==",
      "license": "MIT",
      "peer": true,
      "engines": {
        "node": ">=16.0.0"
      }
    },
    "node_modules/dotenv": {
      "version": "17.4.2",
      "resolved": "https://registry.npmjs.org/dotenv/-/dotenv-17.4.2.tgz",
      "integrity": "sha512-nI4U3TottKAcAD9LLud4Cb7b2QztQMUEfHbvhTH09bqXTxnSie8WnjPALV/WMCrJZ6UV/qHJ6L03OqO3LcdYZw==",
      "license": "BSD-2-Clause",
      "engines": {
        "node": ">=12"
      },
      "funding": {
        "url": "https://dotenvx.com"
      }
    },
    "node_modules/zod": {
      "version": "3.25.76",
      "resolved": "https://registry.npmjs.org/zod/-/zod-3.25.76.tgz",
      "integrity": "sha512-gzUt/qt81nXsFGKIFcC3YnfEAx5NkunCfnDlvuBSSFS02bcXu4Lmea0AFIUwbLWxWPx3d9p8S5QoaujKcNQxcQ==",
      "license": "MIT",
      "funding": {
        "url": "https://github.com/sponsors/colinhacks"
      }
    }
  }
}
